
Microsoft Visual Studio Solution File, Format Version 12.00
# Visual Studio Version 16
VisualStudioVersion = 16.0.28803.352
MinimumVisualStudioVersion = 10.0.40219.1
Project("{FAE04EC0-301F-11D3-BF4B-00C04F79EFBC}") = "Omicron Pi", "Omicron Pi.csproj", "{8E40813A-50BB-4F6B-9D86-8651F98AD1AA}"
EndProject
Project("{2150E333-8FDC-42A3-9474-1A3956D46DE8}") = "Solution Items", "Solution Items", "{FEA0AE13-A862-4ED9-B5BF-69B05D25F36B}"
	ProjectSection(SolutionItems) = preProject
		.editorconfig = .editorconfig
	EndProjectSection
EndProject
Global
	GlobalSection(SolutionConfigurationPlatforms) = preSolution
		Debug|Any CPU = Debug|Any CPU
		Release|Any CPU = Release|Any CPU
	EndGlobalSection
	GlobalSection(ProjectConfigurationPlatforms) = postSolution
		{8E40813A-50BB-4F6B-9D86-8651F98AD1AA}.Debug|Any CPU.ActiveCfg = Debug|Any CPU
		{8E40813A-50BB-4F6B-9D86-8651F98AD1AA}.Debug|Any CPU.Build.0 = Debug|Any CPU
		{8E40813A-50BB-4F6B-9D86-8651F98AD1AA}.Release|Any CPU.ActiveCfg = Release|Any CPU
		{8E40813A-50BB-4F6B-9D86-8651F98AD1AA}.Release|Any CPU.Build.0 = Release|Any CPU
	EndGlobalSection
	GlobalSection(SolutionProperties) = preSolution
		HideSolutionNode = FALSE
	EndGlobalSection
	GlobalSection(ExtensibilityGlobals) = postSolution
		SolutionGuid = {91DB1FF0-1C33-4989-87F7-A9C34FBFC361}
	EndGlobalSection
EndGlobal
